
Microsoft Visual Studio Solution File, Format Version 12.00
# Visual Studio Version 16
VisualStudioVersion = 16.0.31410.357
MinimumVisualStudioVersion = 10.0.40219.1
Project("{FAE04EC0-301F-11D3-BF4B-00C04F79EFBC}") = "HomeWork_08_SKP", "HomeWork_08_SKP.csproj", "{018A7E10-334C-40AB-BDC7-FE360BCC4FB0}"
EndProject
Global
	GlobalSection(SolutionConfigurationPlatforms) = preSolution
		Debug|Any CPU = Debug|Any CPU
		Release|Any CPU = Release|Any CPU
	EndGlobalSection
	GlobalSection(ProjectConfigurationPlatforms) = postSolution
		{018A7E10-334C-40AB-BDC7-FE360BCC4FB0}.Debug|Any CPU.ActiveCfg = Debug|Any CPU
		{018A7E10-334C-40AB-BDC7-FE360BCC4FB0}.Debug|Any CPU.Build.0 = Debug|Any CPU
		{018A7E10-334C-40AB-BDC7-FE360BCC4FB0}.Release|Any CPU.ActiveCfg = Release|Any CPU
		{018A7E10-334C-40AB-BDC7-FE360BCC4FB0}.Release|Any CPU.Build.0 = Release|Any CPU
	EndGlobalSection
	GlobalSection(SolutionProperties) = preSolution
		HideSolutionNode = FALSE
	EndGlobalSection
	GlobalSection(ExtensibilityGlobals) = postSolution
		SolutionGuid = {F2B7073C-21DC-4C7E-A905-32E63A8BD01C}
	EndGlobalSection
EndGlobal
